lockfileVersion: '9.0'

settings:
  autoInstallPeers: true
  excludeLinksFromLockfile: false

importers:

  .: {}

  packages/auth:
    dependencies:
      jose:
        specifier: ^5.9.0
        version: 5.10.0
    devDependencies:
      '@azure/msal-browser':
        specifier: ^3.27.0
        version: 3.30.0
      '@azure/msal-react':
        specifier: ^2.2.0
        version: 2.2.0(@azure/msal-browser@3.30.0)(react@19.2.5)
      '@types/react':
        specifier: ^19.0.0
        version: 19.2.14
      react:
        specifier: ^19.0.0
        version: 19.2.5
      typescript:
        specifier: ^5.5.4
        version: 5.9.3

packages:

  '@azure/msal-browser@3.30.0':
    resolution: {integrity: sha512-I0XlIGVdM4E9kYP5eTjgW8fgATdzwxJvQ6bm2PNiHaZhEuUz47NYw1xHthC9R+lXz4i9zbShS0VdLyxd7n0GGA==}
    engines: {node: '>=0.8.0'}

  '@azure/msal-common@14.16.1':
    resolution: {integrity: sha512-nyxsA6NA4SVKh5YyRpbSXiMr7oQbwark7JU9LMeg6tJYTSPyAGkdx61wPT4gyxZfxlSxMMEyAsWaubBlNyIa1w==}
    engines: {node: '>=0.8.0'}

  '@azure/msal-react@2.2.0':
    resolution: {integrity: sha512-2V+9JXeXyyjYNF92y5u0tU4el9px/V1+vkRuN+DtoxyiMHCtYQpJoaFdGWArh43zhz5aqQqiGW/iajPDSu3QsQ==}
    engines: {node: '>=10'}
    peerDependencies:
      '@azure/msal-browser': ^3.27.0
      react: ^16.8.0 || ^17 || ^18

  '@types/react@19.2.14':
    resolution: {integrity: sha512-ilcTH/UniCkMdtexkoCN0bI7pMcJDvmQFPvuPvmEaYA/NSfFTAgdUSLAoVjaRJm7+6PvcM+q1zYOwS4wTYMF9w==}

  csstype@3.2.3:
    resolution: {integrity: sha512-z1HGKcYy2xA8AGQfwrn0PAy+PB7X/GSj3UVJW9qKyn43xWa+gl5nXmU4qqLMRzWVLFC8KusUX8T/0kCiOYpAIQ==}

  jose@5.10.0:
    resolution: {integrity: sha512-s+3Al/p9g32Iq+oqXxkW//7jk2Vig6FF1CFqzVXoTUXt2qz89YWbL+OwS17NFYEvxC35n0FKeGO2LGYSxeM2Gg==}

  react@19.2.5:
    resolution: {integrity: sha512-llUJLzz1zTUBrskt2pwZgLq59AemifIftw4aB7JxOqf1HY2FDaGDxgwpAPVzHU1kdWabH7FauP4i1oEeer2WCA==}
    engines: {node: '>=0.10.0'}

  typescript@5.9.3:
    resolution: {integrity: sha512-jl1vZzPDinLr9eUt3J/t7V6FgNEw9QjvBPdysz9KfQDD41fQrC2Y4vKQdiaUpFT4bXlb1RHhLpp8wtm6M5TgSw==}
    engines: {node: '>=14.17'}
    hasBin: true

snapshots:

  '@azure/msal-browser@3.30.0':
    dependencies:
      '@azure/msal-common': 14.16.1

  '@azure/msal-common@14.16.1': {}

  '@azure/msal-react@2.2.0(@azure/msal-browser@3.30.0)(react@19.2.5)':
    dependencies:
      '@azure/msal-browser': 3.30.0
      react: 19.2.5

  '@types/react@19.2.14':
    dependencies:
      csstype: 3.2.3

  csstype@3.2.3: {}

  jose@5.10.0: {}

  react@19.2.5: {}

  typescript@5.9.3: {}
